
Microsoft Visual Studio Solution File, Format Version 12.00
# Visual Studio Version 17
VisualStudioVersion = 17.3.32804.467
MinimumVisualStudioVersion = 10.0.40219.1
Project("{FAE04EC0-301F-11D3-BF4B-00C04F79EFBC}") = "DaiMaWuDong.Core.CartMicroservice", "DaiMaWuDong.Core.CartMicroservice\DaiMaWuDong.Core.CartMicroservice.csproj", "{1B2C3351-0449-458D-904C-365335E3FB1F}"
EndProject
Project("{2150E333-8FDC-42A3-9474-1A3956D46DE8}") = "Domain", "Domain", "{6F56D343-4DA8-4FCC-B9C3-6AC526BDF07D}"
EndProject
Project("{FAE04EC0-301F-11D3-BF4B-00C04F79EFBC}") = "DaiMaWuDong.MSACommerce.DTOModel", "DaiMaWuDong.MSACommerce.DTOModel\DaiMaWuDong.MSACommerce.DTOModel.csproj", "{B8EF83FD-4C4A-4E1E-AB9E-CD5BBE499BF0}"
EndProject
Project("{FAE04EC0-301F-11D3-BF4B-00C04F79EFBC}") = "DaiMaWuDong.MSACommerce.Interface", "DaiMaWuDong.MSACommerce.Interface\DaiMaWuDong.MSACommerce.Interface.csproj", "{47DF5BFA-E0F3-4530-BFD9-943D88E2481B}"
EndProject
Project("{FAE04EC0-301F-11D3-BF4B-00C04F79EFBC}") = "DaiMaWuDong.MSACommerce.Model", "DaiMaWuDong.MSACommerce.Model\DaiMaWuDong.MSACommerce.Model.csproj", "{73800064-5FA3-485C-9038-D6E770BD1D88}"
EndProject
Project("{FAE04EC0-301F-11D3-BF4B-00C04F79EFBC}") = "DaiMaWuDong.MSACommerce.Service", "DaiMaWuDong.MSACommerce.Service\DaiMaWuDong.MSACommerce.Service.csproj", "{94953AE2-85D7-42C9-A8E0-68980E1C381D}"
EndProject
Global
	GlobalSection(SolutionConfigurationPlatforms) = preSolution
		Debug|Any CPU = Debug|Any CPU
		Release|Any CPU = Release|Any CPU
	EndGlobalSection
	GlobalSection(ProjectConfigurationPlatforms) = postSolution
		{1B2C3351-0449-458D-904C-365335E3FB1F}.Debug|Any CPU.ActiveCfg = Debug|Any CPU
		{1B2C3351-0449-458D-904C-365335E3FB1F}.Debug|Any CPU.Build.0 = Debug|Any CPU
		{1B2C3351-0449-458D-904C-365335E3FB1F}.Release|Any CPU.ActiveCfg = Release|Any CPU
		{1B2C3351-0449-458D-904C-365335E3FB1F}.Release|Any CPU.Build.0 = Release|Any CPU
		{B8EF83FD-4C4A-4E1E-AB9E-CD5BBE499BF0}.Debug|Any CPU.ActiveCfg = Debug|Any CPU
		{B8EF83FD-4C4A-4E1E-AB9E-CD5BBE499BF0}.Debug|Any CPU.Build.0 = Debug|Any CPU
		{B8EF83FD-4C4A-4E1E-AB9E-CD5BBE499BF0}.Release|Any CPU.ActiveCfg = Release|Any CPU
		{B8EF83FD-4C4A-4E1E-AB9E-CD5BBE499BF0}.Release|Any CPU.Build.0 = Release|Any CPU
		{47DF5BFA-E0F3-4530-BFD9-943D88E2481B}.Debug|Any CPU.ActiveCfg = Debug|Any CPU
		{47DF5BFA-E0F3-4530-BFD9-943D88E2481B}.Debug|Any CPU.Build.0 = Debug|Any CPU
		{47DF5BFA-E0F3-4530-BFD9-943D88E2481B}.Release|Any CPU.ActiveCfg = Release|Any CPU
		{47DF5BFA-E0F3-4530-BFD9-943D88E2481B}.Release|Any CPU.Build.0 = Release|Any CPU
		{73800064-5FA3-485C-9038-D6E770BD1D88}.Debug|Any CPU.ActiveCfg = Debug|Any CPU
		{73800064-5FA3-485C-9038-D6E770BD1D88}.Debug|Any CPU.Build.0 = Debug|Any CPU
		{73800064-5FA3-485C-9038-D6E770BD1D88}.Release|Any CPU.ActiveCfg = Release|Any CPU
		{73800064-5FA3-485C-9038-D6E770BD1D88}.Release|Any CPU.Build.0 = Release|Any CPU
		{94953AE2-85D7-42C9-A8E0-68980E1C381D}.Debug|Any CPU.ActiveCfg = Debug|Any CPU
		{94953AE2-85D7-42C9-A8E0-68980E1C381D}.Debug|Any CPU.Build.0 = Debug|Any CPU
		{94953AE2-85D7-42C9-A8E0-68980E1C381D}.Release|Any CPU.ActiveCfg = Release|Any CPU
		{94953AE2-85D7-42C9-A8E0-68980E1C381D}.Release|Any CPU.Build.0 = Release|Any CPU
	EndGlobalSection
	GlobalSection(SolutionProperties) = preSolution
		HideSolutionNode = FALSE
	EndGlobalSection
	GlobalSection(NestedProjects) = preSolution
		{B8EF83FD-4C4A-4E1E-AB9E-CD5BBE499BF0} = {6F56D343-4DA8-4FCC-B9C3-6AC526BDF07D}
		{47DF5BFA-E0F3-4530-BFD9-943D88E2481B} = {6F56D343-4DA8-4FCC-B9C3-6AC526BDF07D}
		{73800064-5FA3-485C-9038-D6E770BD1D88} = {6F56D343-4DA8-4FCC-B9C3-6AC526BDF07D}
		{94953AE2-85D7-42C9-A8E0-68980E1C381D} = {6F56D343-4DA8-4FCC-B9C3-6AC526BDF07D}
	EndGlobalSection
	GlobalSection(ExtensibilityGlobals) = postSolution
		SolutionGuid = {69D5737A-35E8-4F54-9CBF-C74A3B93959A}
	EndGlobalSection
EndGlobal
