
Microsoft Visual Studio Solution File, Format Version 12.00
# Visual Studio Version 17
VisualStudioVersion = 17.3.32804.467
MinimumVisualStudioVersion = 10.0.40219.1
Project("{FAE04EC0-301F-11D3-BF4B-00C04F79EFBC}") = "DaiMaWuDong.MSACommerce.Goods.WebApi", "DaiMaWuDong.MSACommerce.Goods.WebApi\DaiMaWuDong.MSACommerce.Goods.WebApi.csproj", "{544A5B22-B806-4488-8DAB-956A980E5FFD}"
EndProject
Project("{FAE04EC0-301F-11D3-BF4B-00C04F79EFBC}") = "DaiMaWuDong.MSACommerce.Goods.DTOModel", "DaiMaWuDong.MSACommerce.Goods.DTOModel\DaiMaWuDong.MSACommerce.Goods.DTOModel.csproj", "{FB865B3E-B8AB-4374-AC54-816608769D75}"
EndProject
Project("{FAE04EC0-301F-11D3-BF4B-00C04F79EFBC}") = "DaiMaWuDong.MSACommerce.Goods.Interface", "DaiMaWuDong.MSACommerce.Goods.Interface\DaiMaWuDong.MSACommerce.Goods.Interface.csproj", "{EACE4A48-232C-431F-B153-F72056A04EBB}"
EndProject
Project("{FAE04EC0-301F-11D3-BF4B-00C04F79EFBC}") = "DaiMaWuDong.MSACommerce.Goods.Model", "DaiMaWuDong.MSACommerce.Goods.Model\DaiMaWuDong.MSACommerce.Goods.Model.csproj", "{D84632FD-5D59-40FE-B8FF-398E1E0A9A7A}"
EndProject
Project("{FAE04EC0-301F-11D3-BF4B-00C04F79EFBC}") = "DaiMaWuDong.MSACommerce.Goods.Service", "DaiMaWuDong.MSACommerce.Goods.Service\DaiMaWuDong.MSACommerce.Goods.Service.csproj", "{CDEDCBE2-CF12-4BA6-ACF9-5FC387DF9BD3}"
EndProject
Global
	GlobalSection(SolutionConfigurationPlatforms) = preSolution
		Debug|Any CPU = Debug|Any CPU
		Release|Any CPU = Release|Any CPU
	EndGlobalSection
	GlobalSection(ProjectConfigurationPlatforms) = postSolution
		{544A5B22-B806-4488-8DAB-956A980E5FFD}.Debug|Any CPU.ActiveCfg = Debug|Any CPU
		{544A5B22-B806-4488-8DAB-956A980E5FFD}.Debug|Any CPU.Build.0 = Debug|Any CPU
		{544A5B22-B806-4488-8DAB-956A980E5FFD}.Release|Any CPU.ActiveCfg = Release|Any CPU
		{544A5B22-B806-4488-8DAB-956A980E5FFD}.Release|Any CPU.Build.0 = Release|Any CPU
		{FB865B3E-B8AB-4374-AC54-816608769D75}.Debug|Any CPU.ActiveCfg = Debug|Any CPU
		{FB865B3E-B8AB-4374-AC54-816608769D75}.Debug|Any CPU.Build.0 = Debug|Any CPU
		{FB865B3E-B8AB-4374-AC54-816608769D75}.Release|Any CPU.ActiveCfg = Release|Any CPU
		{FB865B3E-B8AB-4374-AC54-816608769D75}.Release|Any CPU.Build.0 = Release|Any CPU
		{EACE4A48-232C-431F-B153-F72056A04EBB}.Debug|Any CPU.ActiveCfg = Debug|Any CPU
		{EACE4A48-232C-431F-B153-F72056A04EBB}.Debug|Any CPU.Build.0 = Debug|Any CPU
		{EACE4A48-232C-431F-B153-F72056A04EBB}.Release|Any CPU.ActiveCfg = Release|Any CPU
		{EACE4A48-232C-431F-B153-F72056A04EBB}.Release|Any CPU.Build.0 = Release|Any CPU
		{D84632FD-5D59-40FE-B8FF-398E1E0A9A7A}.Debug|Any CPU.ActiveCfg = Debug|Any CPU
		{D84632FD-5D59-40FE-B8FF-398E1E0A9A7A}.Debug|Any CPU.Build.0 = Debug|Any CPU
		{D84632FD-5D59-40FE-B8FF-398E1E0A9A7A}.Release|Any CPU.ActiveCfg = Release|Any CPU
		{D84632FD-5D59-40FE-B8FF-398E1E0A9A7A}.Release|Any CPU.Build.0 = Release|Any CPU
		{CDEDCBE2-CF12-4BA6-ACF9-5FC387DF9BD3}.Debug|Any CPU.ActiveCfg = Debug|Any CPU
		{CDEDCBE2-CF12-4BA6-ACF9-5FC387DF9BD3}.Debug|Any CPU.Build.0 = Debug|Any CPU
		{CDEDCBE2-CF12-4BA6-ACF9-5FC387DF9BD3}.Release|Any CPU.ActiveCfg = Release|Any CPU
		{CDEDCBE2-CF12-4BA6-ACF9-5FC387DF9BD3}.Release|Any CPU.Build.0 = Release|Any CPU
	EndGlobalSection
	GlobalSection(SolutionProperties) = preSolution
		HideSolutionNode = FALSE
	EndGlobalSection
	GlobalSection(ExtensibilityGlobals) = postSolution
		SolutionGuid = {A598E40C-9F2B-446F-B4BB-57FE3299D760}
	EndGlobalSection
EndGlobal
