
Microsoft Visual Studio Solution File, Format Version 12.00
# Visual Studio Version 17
VisualStudioVersion = 17.3.32804.467
MinimumVisualStudioVersion = 10.0.40219.1
Project("{FAE04EC0-301F-11D3-BF4B-00C04F79EFBC}") = "DaiMaWuDong.MSACommerce.Spec.WebApi", "DaiMaWuDong.MSACommerce.Spec.WebApi\DaiMaWuDong.MSACommerce.Spec.WebApi.csproj", "{8FECB407-E47F-400F-9F8B-617A83487ADD}"
EndProject
Project("{FAE04EC0-301F-11D3-BF4B-00C04F79EFBC}") = "DaiMaWuDong.MSACommerce.Spec.DTOModel", "DaiMaWuDong.MSACommerce.Spec.DTOModel\DaiMaWuDong.MSACommerce.Spec.DTOModel.csproj", "{88E1F347-F856-4D25-8D7D-C28FC3B7F713}"
EndProject
Project("{FAE04EC0-301F-11D3-BF4B-00C04F79EFBC}") = "DaiMaWuDong.MSACommerce.Spec.Interface", "DaiMaWuDong.MSACommerce.Spec.Interface\DaiMaWuDong.MSACommerce.Spec.Interface.csproj", "{5AD4CDA2-945C-40FD-8533-1BAB5FF6EC30}"
EndProject
Project("{FAE04EC0-301F-11D3-BF4B-00C04F79EFBC}") = "DaiMaWuDong.MSACommerce.Spec.Model", "DaiMaWuDong.MSACommerce.Spec.Model\DaiMaWuDong.MSACommerce.Spec.Model.csproj", "{E8AB0144-D96B-44E5-B5D7-8D48E4EF6BFB}"
EndProject
Project("{FAE04EC0-301F-11D3-BF4B-00C04F79EFBC}") = "DaiMaWuDong.MSACommerce.Spec.Service", "DaiMaWuDong.MSACommerce.Spec.Service\DaiMaWuDong.MSACommerce.Spec.Service.csproj", "{45417AA8-08E7-44D5-B6B6-C5E266A1828A}"
EndProject
Global
	GlobalSection(SolutionConfigurationPlatforms) = preSolution
		Debug|Any CPU = Debug|Any CPU
		Release|Any CPU = Release|Any CPU
	EndGlobalSection
	GlobalSection(ProjectConfigurationPlatforms) = postSolution
		{8FECB407-E47F-400F-9F8B-617A83487ADD}.Debug|Any CPU.ActiveCfg = Debug|Any CPU
		{8FECB407-E47F-400F-9F8B-617A83487ADD}.Debug|Any CPU.Build.0 = Debug|Any CPU
		{8FECB407-E47F-400F-9F8B-617A83487ADD}.Release|Any CPU.ActiveCfg = Release|Any CPU
		{8FECB407-E47F-400F-9F8B-617A83487ADD}.Release|Any CPU.Build.0 = Release|Any CPU
		{88E1F347-F856-4D25-8D7D-C28FC3B7F713}.Debug|Any CPU.ActiveCfg = Debug|Any CPU
		{88E1F347-F856-4D25-8D7D-C28FC3B7F713}.Debug|Any CPU.Build.0 = Debug|Any CPU
		{88E1F347-F856-4D25-8D7D-C28FC3B7F713}.Release|Any CPU.ActiveCfg = Release|Any CPU
		{88E1F347-F856-4D25-8D7D-C28FC3B7F713}.Release|Any CPU.Build.0 = Release|Any CPU
		{5AD4CDA2-945C-40FD-8533-1BAB5FF6EC30}.Debug|Any CPU.ActiveCfg = Debug|Any CPU
		{5AD4CDA2-945C-40FD-8533-1BAB5FF6EC30}.Debug|Any CPU.Build.0 = Debug|Any CPU
		{5AD4CDA2-945C-40FD-8533-1BAB5FF6EC30}.Release|Any CPU.ActiveCfg = Release|Any CPU
		{5AD4CDA2-945C-40FD-8533-1BAB5FF6EC30}.Release|Any CPU.Build.0 = Release|Any CPU
		{E8AB0144-D96B-44E5-B5D7-8D48E4EF6BFB}.Debug|Any CPU.ActiveCfg = Debug|Any CPU
		{E8AB0144-D96B-44E5-B5D7-8D48E4EF6BFB}.Debug|Any CPU.Build.0 = Debug|Any CPU
		{E8AB0144-D96B-44E5-B5D7-8D48E4EF6BFB}.Release|Any CPU.ActiveCfg = Release|Any CPU
		{E8AB0144-D96B-44E5-B5D7-8D48E4EF6BFB}.Release|Any CPU.Build.0 = Release|Any CPU
		{45417AA8-08E7-44D5-B6B6-C5E266A1828A}.Debug|Any CPU.ActiveCfg = Debug|Any CPU
		{45417AA8-08E7-44D5-B6B6-C5E266A1828A}.Debug|Any CPU.Build.0 = Debug|Any CPU
		{45417AA8-08E7-44D5-B6B6-C5E266A1828A}.Release|Any CPU.ActiveCfg = Release|Any CPU
		{45417AA8-08E7-44D5-B6B6-C5E266A1828A}.Release|Any CPU.Build.0 = Release|Any CPU
	EndGlobalSection
	GlobalSection(SolutionProperties) = preSolution
		HideSolutionNode = FALSE
	EndGlobalSection
	GlobalSection(ExtensibilityGlobals) = postSolution
		SolutionGuid = {F967B7DB-77EB-41B3-AF35-AE39EB616AEF}
	EndGlobalSection
EndGlobal
